dependencies:
- name: mariadb
  repository: https://charts.bitnami.com/bitnami
  version: 20.5.3
- name: redis
  repository: https://charts.bitnami.com/bitnami
  version: 20.13.3
digest: sha256:91cbdf1fb1870250b00393cc624969475cb351009edceeac67e457fd03ad1e91
generated: "2025-04-28T14:34:42.41786-03:00"
