dependencies:
- name: mariadb
  repository: https://charts.bitnami.com/bitnami
  version: 20.5.3
- name: redis
  repository: https://charts.bitnami.com/bitnami
  version: 20.13.3
- name: elasticsearch
  repository: https://charts.bitnami.com/bitnami
  version: 22.0.3
digest: sha256:d23d675141ae13a8167845db9f508d976b75394b938a3f456429e9e196aa5be3
generated: "2025-05-14T19:14:31.881042-03:00"
