dependencies:
- name: mariadb
  repository: https://charts.bitnami.com/bitnami
  version: 20.5.3
- name: redis
  repository: https://charts.bitnami.com/bitnami
  version: 20.13.3
- name: elasticsearch
  repository: https://helm.elastic.co
  version: 8.5.1
digest: sha256:ffa9fd5df2f657432b2c32d2de4b7e674325478ca193443235be39a5ce7f8a40
generated: "2025-05-16T17:38:29.561827-03:00"
